
Microsoft Visual Studio Solution File, Format Version 12.00
# Visual Studio 15
VisualStudioVersion = 15.0.28010.2036
MinimumVisualStudioVersion = 10.0.40219.1
Project("{FAE04EC0-301F-11D3-BF4B-00C04F79EFBC}") = "DVDCornerMap", "DVDCornerMap\DVDCornerMap.csproj", "{8026A4DC-9F0D-425C-866A-B6FFB3826A37}"
EndProject
Global
	GlobalSection(SolutionConfigurationPlatforms) = preSolution
		Debug|Any CPU = Debug|Any CPU
		Release|Any CPU = Release|Any CPU
	EndGlobalSection
	GlobalSection(ProjectConfigurationPlatforms) = postSolution
		{8026A4DC-9F0D-425C-866A-B6FFB3826A37}.Debug|Any CPU.ActiveCfg = Debug|Any CPU
		{8026A4DC-9F0D-425C-866A-B6FFB3826A37}.Debug|Any CPU.Build.0 = Debug|Any CPU
		{8026A4DC-9F0D-425C-866A-B6FFB3826A37}.Release|Any CPU.ActiveCfg = Release|Any CPU
		{8026A4DC-9F0D-425C-866A-B6FFB3826A37}.Release|Any CPU.Build.0 = Release|Any CPU
	EndGlobalSection
	GlobalSection(SolutionProperties) = preSolution
		HideSolutionNode = FALSE
	EndGlobalSection
	GlobalSection(ExtensibilityGlobals) = postSolution
		SolutionGuid = {FFC80DD1-E5FD-48EB-902A-D2A87B6E1576}
	EndGlobalSection
EndGlobal
